
Microsoft Visual Studio Solution File, Format Version 12.00
# Visual Studio Version 17
VisualStudioVersion = 17.11.35327.3
MinimumVisualStudioVersion = 10.0.40219.1
Project("{FAE04EC0-301F-11D3-BF4B-00C04F79EFBC}") = "P3_2_714230059", "P3_2_714230059\P3_2_714230059.csproj", "{76B8773F-C028-4141-B4FE-B39F8BDBD58C}"
EndProject
Global
	GlobalSection(SolutionConfigurationPlatforms) = preSolution
		Debug|Any CPU = Debug|Any CPU
		Release|Any CPU = Release|Any CPU
	EndGlobalSection
	GlobalSection(ProjectConfigurationPlatforms) = postSolution
		{76B8773F-C028-4141-B4FE-B39F8BDBD58C}.Debug|Any CPU.ActiveCfg = Debug|Any CPU
		{76B8773F-C028-4141-B4FE-B39F8BDBD58C}.Debug|Any CPU.Build.0 = Debug|Any CPU
		{76B8773F-C028-4141-B4FE-B39F8BDBD58C}.Release|Any CPU.ActiveCfg = Release|Any CPU
		{76B8773F-C028-4141-B4FE-B39F8BDBD58C}.Release|Any CPU.Build.0 = Release|Any CPU
	EndGlobalSection
	GlobalSection(SolutionProperties) = preSolution
		HideSolutionNode = FALSE
	EndGlobalSection
	GlobalSection(ExtensibilityGlobals) = postSolution
		SolutionGuid = {9E823EFF-507C-416A-9C82-AF63338AA1DA}
	EndGlobalSection
EndGlobal
