
Microsoft Visual Studio Solution File, Format Version 12.00
# Visual Studio Version 17
VisualStudioVersion = 17.11.35327.3
MinimumVisualStudioVersion = 10.0.40219.1
Project("{FAE04EC0-301F-11D3-BF4B-00C04F79EFBC}") = "P7_1_714230059", "P7_1_714230059\P7_1_714230059.csproj", "{98171D0E-BCD6-491A-87BF-1ADBA7DCCF7C}"
EndProject
Global
	GlobalSection(SolutionConfigurationPlatforms) = preSolution
		Debug|Any CPU = Debug|Any CPU
		Release|Any CPU = Release|Any CPU
	EndGlobalSection
	GlobalSection(ProjectConfigurationPlatforms) = postSolution
		{98171D0E-BCD6-491A-87BF-1ADBA7DCCF7C}.Debug|Any CPU.ActiveCfg = Debug|Any CPU
		{98171D0E-BCD6-491A-87BF-1ADBA7DCCF7C}.Debug|Any CPU.Build.0 = Debug|Any CPU
		{98171D0E-BCD6-491A-87BF-1ADBA7DCCF7C}.Release|Any CPU.ActiveCfg = Release|Any CPU
		{98171D0E-BCD6-491A-87BF-1ADBA7DCCF7C}.Release|Any CPU.Build.0 = Release|Any CPU
	EndGlobalSection
	GlobalSection(SolutionProperties) = preSolution
		HideSolutionNode = FALSE
	EndGlobalSection
	GlobalSection(ExtensibilityGlobals) = postSolution
		SolutionGuid = {3528EE86-020A-41DB-916F-530B7FD576A5}
	EndGlobalSection
EndGlobal
